# This file is automatically @generated by Cargo.
# It is not intended for manual editing.
version = 4

[[package]]
name = "deed-ast"
version = "0.2.2"
dependencies = [
 "deed-diagnostics",
]

[[package]]
name = "deed-cli"
version = "0.2.2"
dependencies = [
 "deed-ast",
 "deed-codegen",
 "deed-diagnostics",
 "deed-driver",
 "deed-explain",
 "deed-fetch",
 "deed-fmt",
 "deed-interp",
 "deed-lsp",
 "deed-mcp",
 "deed-mir",
 "deed-typeck",
]

[[package]]
name = "deed-codegen"
version = "0.2.2"
dependencies = [
 "deed-diagnostics",
 "deed-mir",
]

[[package]]
name = "deed-diagnostics"
version = "0.2.2"

[[package]]
name = "deed-driver"
version = "0.2.2"
dependencies = [
 "deed-ast",
 "deed-codegen",
 "deed-diagnostics",
 "deed-effects",
 "deed-explain",
 "deed-fmt",
 "deed-interp",
 "deed-lexer",
 "deed-mir",
 "deed-parser",
 "deed-resolve",
 "deed-typeck",
]

[[package]]
name = "deed-effects"
version = "0.2.2"
dependencies = [
 "deed-ast",
 "deed-diagnostics",
 "deed-lexer",
 "deed-parser",
 "deed-resolve",
 "deed-typeck",
]

[[package]]
name = "deed-explain"
version = "0.2.2"

[[package]]
name = "deed-fetch"
version = "0.2.2"

[[package]]
name = "deed-fmt"
version = "0.2.2"
dependencies = [
 "deed-ast",
 "deed-diagnostics",
 "deed-lexer",
 "deed-parser",
]

[[package]]
name = "deed-interp"
version = "0.2.2"
dependencies = [
 "deed-ast",
 "deed-diagnostics",
 "deed-lexer",
 "deed-parser",
 "deed-resolve",
 "deed-rt",
]

[[package]]
name = "deed-lexer"
version = "0.2.2"
dependencies = [
 "deed-diagnostics",
]

[[package]]
name = "deed-lsp"
version = "0.2.2"
dependencies = [
 "deed-ast",
 "deed-diagnostics",
 "deed-driver",
 "deed-fmt",
 "deed-lexer",
 "deed-parser",
 "deed-resolve",
 "deed-typeck",
]

[[package]]
name = "deed-mcp"
version = "0.2.2"
dependencies = [
 "deed-diagnostics",
 "deed-driver",
 "deed-explain",
 "deed-lsp",
 "deed-wasm",
]

[[package]]
name = "deed-mir"
version = "0.2.2"
dependencies = [
 "deed-ast",
 "deed-diagnostics",
 "deed-lexer",
 "deed-parser",
 "deed-resolve",
 "deed-typeck",
]

[[package]]
name = "deed-parser"
version = "0.2.2"
dependencies = [
 "deed-ast",
 "deed-diagnostics",
 "deed-lexer",
]

[[package]]
name = "deed-resolve"
version = "0.2.2"
dependencies = [
 "deed-ast",
 "deed-diagnostics",
 "deed-lexer",
 "deed-parser",
]

[[package]]
name = "deed-rt"
version = "0.2.2"

[[package]]
name = "deed-typeck"
version = "0.2.2"
dependencies = [
 "deed-ast",
 "deed-diagnostics",
 "deed-lexer",
 "deed-parser",
 "deed-resolve",
]

[[package]]
name = "deed-wasm"
version = "0.2.2"
dependencies = [
 "deed-ast",
 "deed-diagnostics",
 "deed-driver",
 "deed-explain",
 "deed-fmt",
 "deed-interp",
 "deed-lexer",
]
