# This file is automatically @generated by Cargo.
# It is not intended for manual editing.
version = 4

[[package]]
name = "vow-ast"
version = "0.0.0"
dependencies = [
 "vow-diagnostics",
]

[[package]]
name = "vow-diagnostics"
version = "0.0.0"

[[package]]
name = "vow-lexer"
version = "0.0.0"
dependencies = [
 "vow-diagnostics",
]

[[package]]
name = "vow-parser"
version = "0.0.0"
dependencies = [
 "vow-ast",
 "vow-diagnostics",
 "vow-lexer",
]
