# This file is automatically @generated by Cargo.
# It is not intended for manual editing.
version = 4

[[package]]
name = "vow-ast"
version = "0.0.0"
dependencies = [
 "vow-diagnostics",
]

[[package]]
name = "vow-cli"
version = "0.0.0"
dependencies = [
 "vow-diagnostics",
 "vow-driver",
 "vow-interp",
 "vow-typeck",
]

[[package]]
name = "vow-diagnostics"
version = "0.0.0"

[[package]]
name = "vow-driver"
version = "0.0.0"
dependencies = [
 "vow-ast",
 "vow-diagnostics",
 "vow-effects",
 "vow-lexer",
 "vow-parser",
 "vow-resolve",
 "vow-typeck",
]

[[package]]
name = "vow-effects"
version = "0.0.0"
dependencies = [
 "vow-ast",
 "vow-diagnostics",
 "vow-lexer",
 "vow-parser",
 "vow-resolve",
]

[[package]]
name = "vow-interp"
version = "0.0.0"
dependencies = [
 "vow-ast",
 "vow-diagnostics",
 "vow-lexer",
 "vow-parser",
 "vow-resolve",
]

[[package]]
name = "vow-lexer"
version = "0.0.0"
dependencies = [
 "vow-diagnostics",
]

[[package]]
name = "vow-parser"
version = "0.0.0"
dependencies = [
 "vow-ast",
 "vow-diagnostics",
 "vow-lexer",
]

[[package]]
name = "vow-resolve"
version = "0.0.0"
dependencies = [
 "vow-ast",
 "vow-diagnostics",
 "vow-lexer",
 "vow-parser",
]

[[package]]
name = "vow-typeck"
version = "0.0.0"
dependencies = [
 "vow-ast",
 "vow-diagnostics",
 "vow-lexer",
 "vow-parser",
 "vow-resolve",
]
